// !$*UTF8*$!
{
	archiveVersion = 1;
	classes = {
	};
	objectVersion = 50;
	objects = {

/* Begin PBXBuildFile section */
		DE89500426F289AC004B4C22 /* AppDelegate.swift in Sources */ = {isa = PBXBuildFile; fileRef = DE89500326F289AC004B4C22 /* AppDelegate.swift */; };
		DE89500626F289AC004B4C22 /* SceneDelegate.swift in Sources */ = {isa = PBXBuildFile; fileRef = DE89500526F289AC004B4C22 /* SceneDelegate.swift */; };
		DE89500826F289AC004B4C22 /* ViewController.swift in Sources */ = {isa = PBXBuildFile; fileRef = DE89500726F289AC004B4C22 /* ViewController.swift */; };
		DE89500B26F289AC004B4C22 /* Main.storyboard in Resources */ = {isa = PBXBuildFile; fileRef = DE89500926F289AC004B4C22 /* Main.storyboard */; };
		DE89500D26F289AD004B4C22 /* Assets.xcassets in Resources */ = {isa = PBXBuildFile; fileRef = DE89500C26F289AD004B4C22 /* Assets.xcassets */; };
		DE89501026F289AD004B4C22 /* LaunchScreen.storyboard in Resources */ = {isa = PBXBuildFile; fileRef = DE89500E26F289AD004B4C22 /* LaunchScreen.storyboard */; };
		DE89501826F28FAA004B4C22 /* cat1.png in Resources */ = {isa = PBXBuildFile; fileRef = DE89501726F28FAA004B4C22 /* cat1.png */; };
		DE89501A26F28FB1004B4C22 /* cat2.png in Resources */ = {isa = PBXBuildFile; fileRef = DE89501926F28FB1004B4C22 /* cat2.png */; };
		DE89501C26F28FBA004B4C22 /* cat3.jpeg in Resources */ = {isa = PBXBuildFile; fileRef = DE89501B26F28FBA004B4C22 /* cat3.jpeg */; };
		DE89501E26F28FBF004B4C22 /* cat4.jpg in Resources */ = {isa = PBXBuildFile; fileRef = DE89501D26F28FBF004B4C22 /* cat4.jpg */; };
		DE89502026F28FC6004B4C22 /* cat5.jpeg in Resources */ = {isa = PBXBuildFile; fileRef = DE89501F26F28FC6004B4C22 /* cat5.jpeg */; };
		DEDE6D7026F56026009A79C5 /* DisplayImageViewController.swift in Sources */ = {isa = PBXBuildFile; fileRef = DEDE6D6F26F56026009A79C5 /* DisplayImageViewController.swift */; };
/* End PBXBuildFile section */

/* Begin PBXFileReference section */
		DE89500026F289AC004B4C22 /* SlideshowApp.app */ = {isa = PBXFileReference; explicitFileType = wrapper.application; includeInIndex = 0; path = SlideshowApp.app; sourceTree = BUILT_PRODUCTS_DIR; };
		DE89500326F289AC004B4C22 /* AppDelegate.swift */ = {isa = PBXFileReference; lastKnownFileType = sourcecode.swift; path = AppDelegate.swift; sourceTree = "<group>"; };
		DE89500526F289AC004B4C22 /* SceneDelegate.swift */ = {isa = PBXFileReference; lastKnownFileType = sourcecode.swift; path = SceneDelegate.swift; sourceTree = "<group>"; };
		DE89500726F289AC004B4C22 /* ViewController.swift */ = {isa = PBXFileReference; lastKnownFileType = sourcecode.swift; path = ViewController.swift; sourceTree = "<group>"; };
		DE89500A26F289AC004B4C22 /* Base */ = {isa = PBXFileReference; lastKnownFileType = file.storyboard; name = Base; path = Base.lproj/Main.storyboard; sourceTree = "<group>"; };
		DE89500C26F289AD004B4C22 /* Assets.xcassets */ = {isa = PBXFileReference; lastKnownFileType = folder.assetcatalog; path = Assets.xcassets; sourceTree = "<group>"; };
		DE89500F26F289AD004B4C22 /* Base */ = {isa = PBXFileReference; lastKnownFileType = file.storyboard; name = Base; path = Base.lproj/LaunchScreen.storyboard; sourceTree = "<group>"; };
		DE89501126F289AD004B4C22 /* Info.plist */ = {isa = PBXFileReference; lastKnownFileType = text.plist.xml; path = Info.plist; sourceTree = "<group>"; };
		DE89501726F28FAA004B4C22 /* cat1.png */ = {isa = PBXFileReference; lastKnownFileType = image.png; path = cat1.png; sourceTree = "<group>"; };
		DE89501926F28FB1004B4C22 /* cat2.png */ = {isa = PBXFileReference; lastKnownFileType = image.png; path = cat2.png; sourceTree = "<group>"; };
		DE89501B26F28FBA004B4C22 /* cat3.jpeg */ = {isa = PBXFileReference; lastKnownFileType = image.jpeg; path = cat3.jpeg; sourceTree = "<group>"; };
		DE89501D26F28FBF004B4C22 /* cat4.jpg */ = {isa = PBXFileReference; lastKnownFileType = image.jpeg; path = cat4.jpg; sourceTree = "<group>"; };
		DE89501F26F28FC6004B4C22 /* cat5.jpeg */ = {isa = PBXFileReference; lastKnownFileType = image.jpeg; path = cat5.jpeg; sourceTree = "<group>"; };
		DEDE6D6F26F56026009A79C5 /* DisplayImageViewController.swift */ = {isa = PBXFileReference; lastKnownFileType = sourcecode.swift; path = DisplayImageViewController.swift; sourceTree = "<group>"; };
/* End PBXFileReference section */

/* Begin PBXFrameworksBuildPhase section */
		DE894FFD26F289AC004B4C22 /* Frameworks */ = {
			isa = PBXFrameworksBuildPhase;
			buildActionMask = 2147483647;
			files = (
			);
			runOnlyForDeploymentPostprocessing = 0;
		};
/* End PBXFrameworksBuildPhase section */

/* Begin PBXGroup section */
		DE894FF726F289AC004B4C22 = {
			isa = PBXGroup;
			children = (
				DE89500226F289AC004B4C22 /* SlideshowApp */,
				DE89500126F289AC004B4C22 /* Products */,
			);
			sourceTree = "<group>";
		};
		DE89500126F289AC004B4C22 /* Products */ = {
			isa = PBXGroup;
			children = (
				DE89500026F289AC004B4C22 /* SlideshowApp.app */,
			);
			name = Products;
			sourceTree = "<group>";
		};
		DE89500226F289AC004B4C22 /* SlideshowApp */ = {
			isa = PBXGroup;
			children = (
				DE89500326F289AC004B4C22 /* AppDelegate.swift */,
				DE89500526F289AC004B4C22 /* SceneDelegate.swift */,
				DE89500726F289AC004B4C22 /* ViewController.swift */,
				DEDE6D6F26F56026009A79C5 /* DisplayImageViewController.swift */,
				DE89501726F28FAA004B4C22 /* cat1.png */,
				DE89501926F28FB1004B4C22 /* cat2.png */,
				DE89501B26F28FBA004B4C22 /* cat3.jpeg */,
				DE89501D26F28FBF004B4C22 /* cat4.jpg */,
				DE89501F26F28FC6004B4C22 /* cat5.jpeg */,
				DE89500926F289AC004B4C22 /* Main.storyboard */,
				DE89500C26F289AD004B4C22 /* Assets.xcassets */,
				DE89500E26F289AD004B4C22 /* LaunchScreen.storyboard */,
				DE89501126F289AD004B4C22 /* Info.plist */,
			);
			path = SlideshowApp;
			sourceTree = "<group>";
		};
/* End PBXGroup section */

/* Begin PBXNativeTarget section */
		DE894FFF26F289AC004B4C22 /* SlideshowApp */ = {
			isa = PBXNativeTarget;
			buildConfigurationList = DE89501426F289AD004B4C22 /* Build configuration list for PBXNativeTarget "SlideshowApp" */;
			buildPhases = (
				DE894FFC26F289AC004B4C22 /* Sources */,
				DE894FFD26F289AC004B4C22 /* Frameworks */,
				DE894FFE26F289AC004B4C22 /* Resources */,
			);
			buildRules = (
			);
			dependencies = (
			);
			name = SlideshowApp;
			productName = SlideshowApp;
			productReference = DE89500026F289AC004B4C22 /* SlideshowApp.app */;
			productType = "com.apple.product-type.application";
		};
/* End PBXNativeTarget section */

/* Begin PBXProject section */
		DE894FF826F289AC004B4C22 /* Project object */ = {
			isa = PBXProject;
			attributes = {
				LastSwiftUpdateCheck = 1250;
				LastUpgradeCheck = 1250;
				TargetAttributes = {
					DE894FFF26F289AC004B4C22 = {
						CreatedOnToolsVersion = 12.5.1;
					};
				};
			};
			buildConfigurationList = DE894FFB26F289AC004B4C22 /* Build configuration list for PBXProject "SlideshowApp" */;
			compatibilityVersion = "Xcode 9.3";
			developmentRegion = en;
			hasScannedForEncodings = 0;
			knownRegions = (
				en,
				Base,
			);
			mainGroup = DE894FF726F289AC004B4C22;
			productRefGroup = DE89500126F289AC004B4C22 /* Products */;
			projectDirPath = "";
			projectRoot = "";
			targets = (
				DE894FFF26F289AC004B4C22 /* SlideshowApp */,
			);
		};
/* End PBXProject section */

/* Begin PBXResourcesBuildPhase section */
		DE894FFE26F289AC004B4C22 /* Resources */ = {
			isa = PBXResourcesBuildPhase;
			buildActionMask = 2147483647;
			files = (
				DE89501826F28FAA004B4C22 /* cat1.png in Resources */,
				DE89501E26F28FBF004B4C22 /* cat4.jpg in Resources */,
				DE89502026F28FC6004B4C22 /* cat5.jpeg in Resources */,
				DE89501A26F28FB1004B4C22 /* cat2.png in Resources */,
				DE89501026F289AD004B4C22 /* LaunchScreen.storyboard in Resources */,
				DE89500D26F289AD004B4C22 /* Assets.xcassets in Resources */,
				DE89501C26F28FBA004B4C22 /* cat3.jpeg in Resources */,
				DE89500B26F289AC004B4C22 /* Main.storyboard in Resources */,
			);
			runOnlyForDeploymentPostprocessing = 0;
		};
/* End PBXResourcesBuildPhase section */

/* Begin PBXSourcesBuildPhase section */
		DE894FFC26F289AC004B4C22 /* Sources */ = {
			isa = PBXSourcesBuildPhase;
			buildActionMask = 2147483647;
			files = (
				DE89500826F289AC004B4C22 /* ViewController.swift in Sources */,
				DE89500426F289AC004B4C22 /* AppDelegate.swift in Sources */,
				DEDE6D7026F56026009A79C5 /* DisplayImageViewController.swift in Sources */,
				DE89500626F289AC004B4C22 /* SceneDelegate.swift in Sources */,
			);
			runOnlyForDeploymentPostprocessing = 0;
		};
/* End PBXSourcesBuildPhase section */

/* Begin PBXVariantGroup section */
		DE89500926F289AC004B4C22 /* Main.storyboard */ = {
			isa = PBXVariantGroup;
			children = (
				DE89500A26F289AC004B4C22 /* Base */,
			);
			name = Main.storyboard;
			sourceTree = "<group>";
		};
		DE89500E26F289AD004B4C22 /* LaunchScreen.storyboard */ = {
			isa = PBXVariantGroup;
			children = (
				DE89500F26F289AD004B4C22 /* Base */,
			);
			name = LaunchScreen.storyboard;
			sourceTree = "<group>";
		};
/* End PBXVariantGroup section */

/* Begin XCBuildConfiguration section */
		DE89501226F289AD004B4C22 /* Debug */ = {
			isa = XCBuildConfiguration;
			buildSettings = {
				ALWAYS_SEARCH_USER_PATHS = NO;
				CLANG_ANALYZER_NONNULL = YES;
				CLANG_ANALYZER_NUMBER_OBJECT_CONVERSION = YES_AGGRESSIVE;
				CLANG_CXX_LANGUAGE_STANDARD = "gnu++14";
				CLANG_CXX_LIBRARY = "libc++";
				CLANG_ENABLE_MODULES = YES;
				CLANG_ENABLE_OBJC_ARC = YES;
				CLANG_ENABLE_OBJC_WEAK = YES;
				CLANG_WARN_BLOCK_CAPTURE_AUTORELEASING = YES;
				CLANG_WARN_BOOL_CONVERSION = YES;
				CLANG_WARN_COMMA = YES;
				CLANG_WARN_CONSTANT_CONVERSION = YES;
				CLANG_WARN_DEPRECATED_OBJC_IMPLEMENTATIONS = YES;
				CLANG_WARN_DIRECT_OBJC_ISA_USAGE = YES_ERROR;
				CLANG_WARN_DOCUMENTATION_COMMENTS = YES;
				CLANG_WARN_EMPTY_BODY = YES;
				CLANG_WARN_ENUM_CONVERSION = YES;
				CLANG_WARN_INFINITE_RECURSION = YES;
				CLANG_WARN_INT_CONVERSION = YES;
				CLANG_WARN_NON_LITERAL_NULL_CONVERSION = YES;
				CLANG_WARN_OBJC_IMPLICIT_RETAIN_SELF = YES;
				CLANG_WARN_OBJC_LITERAL_CONVERSION = YES;
				CLANG_WARN_OBJC_ROOT_CLASS = YES_ERROR;
				CLANG_WARN_QUOTED_INCLUDE_IN_FRAMEWORK_HEADER = YES;
				CLANG_WARN_RANGE_LOOP_ANALYSIS = YES;
				CLANG_WARN_STRICT_PROTOTYPES = YES;
				CLANG_WARN_SUSPICIOUS_MOVE = YES;
				CLANG_WARN_UNGUARDED_AVAILABILITY = YES_AGGRESSIVE;
				CLANG_WARN_UNREACHABLE_CODE = YES;
				CLANG_WARN__DUPLICATE_METHOD_MATCH = YES;
				COPY_PHASE_STRIP = NO;
				DEBUG_INFORMATION_FORMAT = dwarf;
				ENABLE_STRICT_OBJC_MSGSEND = YES;
				ENABLE_TESTABILITY = YES;
				GCC_C_LANGUAGE_STANDARD = gnu11;
				GCC_DYNAMIC_NO_PIC = NO;
				GCC_NO_COMMON_BLOCKS = YES;
				GCC_OPTIMIZATION_LEVEL = 0;
				GCC_PREPROCESSOR_DEFINITIONS = (
					"DEBUG=1",
					"$(inherited)",
				);
				GCC_WARN_64_TO_32_BIT_CONVERSION = YES;
				GCC_WARN_ABOUT_RETURN_TYPE = YES_ERROR;
				GCC_WARN_UNDECLARED_SELECTOR = YES;
				GCC_WARN_UNINITIALIZED_AUTOS = YES_AGGRESSIVE;
				GCC_WARN_UNUSED_FUNCTION = YES;
				GCC_WARN_UNUSED_VARIABLE = YES;
				IPHONEOS_DEPLOYMENT_TARGET = 14.5;
				MTL_ENABLE_DEBUG_INFO = INCLUDE_SOURCE;
				MTL_FAST_MATH = YES;
				ONLY_ACTIVE_ARCH = YES;
				SDKROOT = iphoneos;
				SWIFT_ACTIVE_COMPILATION_CONDITIONS = DEBUG;
				SWIFT_OPTIMIZATION_LEVEL = "-Onone";
			};
			name = Debug;
		};
		DE89501326F289AD004B4C22 /* Release */ = {
			isa = XCBuildConfiguration;
			buildSettings = {
				ALWAYS_SEARCH_USER_PATHS = NO;
				CLANG_ANALYZER_NONNULL = YES;
				CLANG_ANALYZER_NUMBER_OBJECT_CONVERSION = YES_AGGRESSIVE;
				CLANG_CXX_LANGUAGE_STANDARD = "gnu++14";
				CLANG_CXX_LIBRARY = "libc++";
				CLANG_ENABLE_MODULES = YES;
				CLANG_ENABLE_OBJC_ARC = YES;
				CLANG_ENABLE_OBJC_WEAK = YES;
				CLANG_WARN_BLOCK_CAPTURE_AUTORELEASING = YES;
				CLANG_WARN_BOOL_CONVERSION = YES;
				CLANG_WARN_COMMA = YES;
				CLANG_WARN_CONSTANT_CONVERSION = YES;
				CLANG_WARN_DEPRECATED_OBJC_IMPLEMENTATIONS = YES;
				CLANG_WARN_DIRECT_OBJC_ISA_USAGE = YES_ERROR;
				CLANG_WARN_DOCUMENTATION_COMMENTS = YES;
				CLANG_WARN_EMPTY_BODY = YES;
				CLANG_WARN_ENUM_CONVERSION = YES;
				CLANG_WARN_INFINITE_RECURSION = YES;
				CLANG_WARN_INT_CONVERSION = YES;
				CLANG_WARN_NON_LITERAL_NULL_CONVERSION = YES;
				CLANG_WARN_OBJC_IMPLICIT_RETAIN_SELF = YES;
				CLANG_WARN_OBJC_LITERAL_CONVERSION = YES;
				CLANG_WARN_OBJC_ROOT_CLASS = YES_ERROR;
				CLANG_WARN_QUOTED_INCLUDE_IN_FRAMEWORK_HEADER = YES;
				CLANG_WARN_RANGE_LOOP_ANALYSIS = YES;
				CLANG_WARN_STRICT_PROTOTYPES = YES;
				CLANG_WARN_SUSPICIOUS_MOVE = YES;
				CLANG_WARN_UNGUARDED_AVAILABILITY = YES_AGGRESSIVE;
				CLANG_WARN_UNREACHABLE_CODE = YES;
				CLANG_WARN__DUPLICATE_METHOD_MATCH = YES;
				COPY_PHASE_STRIP = NO;
				DEBUG_INFORMATION_FORMAT = "dwarf-with-dsym";
				ENABLE_NS_ASSERTIONS = NO;
				ENABLE_STRICT_OBJC_MSGSEND = YES;
				GCC_C_LANGUAGE_STANDARD = gnu11;
				GCC_NO_COMMON_BLOCKS = YES;
				GCC_WARN_64_TO_32_BIT_CONVERSION = YES;
				GCC_WARN_ABOUT_RETURN_TYPE = YES_ERROR;
				GCC_WARN_UNDECLARED_SELECTOR = YES;
				GCC_WARN_UNINITIALIZED_AUTOS = YES_AGGRESSIVE;
				GCC_WARN_UNUSED_FUNCTION = YES;
				GCC_WARN_UNUSED_VARIABLE = YES;
				IPHONEOS_DEPLOYMENT_TARGET = 14.5;
				MTL_ENABLE_DEBUG_INFO = NO;
				MTL_FAST_MATH = YES;
				SDKROOT = iphoneos;
				SWIFT_COMPILATION_MODE = wholemodule;
				SWIFT_OPTIMIZATION_LEVEL = "-O";
				VALIDATE_PRODUCT = YES;
			};
			name = Release;
		};
		DE89501526F289AD004B4C22 /* Debug */ = {
			isa = XCBuildConfiguration;
			buildSettings = {
				ASSETCATALOG_COMPILER_APPICON_NAME = AppIcon;
				ASSETCATALOG_COMPILER_GLOBAL_ACCENT_COLOR_NAME = AccentColor;
				CODE_SIGN_STYLE = Automatic;
				DEVELOPMENT_TEAM = 5LMKNRP8BV;
				INFOPLIST_FILE = SlideshowApp/Info.plist;
				LD_RUNPATH_SEARCH_PATHS = (
					"$(inherited)",
					"@executable_path/Frameworks",
				);
				PRODUCT_BUNDLE_IDENTIFIER = "com.it-leads.krishna.SlideshowApp";
				PRODUCT_NAME = "$(TARGET_NAME)";
				SWIFT_VERSION = 5.0;
				TARGETED_DEVICE_FAMILY = "1,2";
			};
			name = Debug;
		};
		DE89501626F289AD004B4C22 /* Release */ = {
			isa = XCBuildConfiguration;
			buildSettings = {
				ASSETCATALOG_COMPILER_APPICON_NAME = AppIcon;
				ASSETCATALOG_COMPILER_GLOBAL_ACCENT_COLOR_NAME = AccentColor;
				CODE_SIGN_STYLE = Automatic;
				DEVELOPMENT_TEAM = 5LMKNRP8BV;
				INFOPLIST_FILE = SlideshowApp/Info.plist;
				LD_RUNPATH_SEARCH_PATHS = (
					"$(inherited)",
					"@executable_path/Frameworks",
				);
				PRODUCT_BUNDLE_IDENTIFIER = "com.it-leads.krishna.SlideshowApp";
				PRODUCT_NAME = "$(TARGET_NAME)";
				SWIFT_VERSION = 5.0;
				TARGETED_DEVICE_FAMILY = "1,2";
			};
			name = Release;
		};
/* End XCBuildConfiguration section */

/* Begin XCConfigurationList section */
		DE894FFB26F289AC004B4C22 /* Build configuration list for PBXProject "SlideshowApp" */ = {
			isa = XCConfigurationList;
			buildConfigurations = (
				DE89501226F289AD004B4C22 /* Debug */,
				DE89501326F289AD004B4C22 /* Release */,
			);
			defaultConfigurationIsVisible = 0;
			defaultConfigurationName = Release;
		};
		DE89501426F289AD004B4C22 /* Build configuration list for PBXNativeTarget "SlideshowApp" */ = {
			isa = XCConfigurationList;
			buildConfigurations = (
				DE89501526F289AD004B4C22 /* Debug */,
				DE89501626F289AD004B4C22 /* Release */,
			);
			defaultConfigurationIsVisible = 0;
			defaultConfigurationName = Release;
		};
/* End XCConfigurationList section */
	};
	rootObject = DE894FF826F289AC004B4C22 /* Project object */;
}
